
Microsoft Visual Studio Solution File, Format Version 12.00
# Visual Studio Version 17
VisualStudioVersion = 17.1.32421.90
MinimumVisualStudioVersion = 10.0.40219.1
Project("{FAE04EC0-301F-11D3-BF4B-00C04F79EFBC}") = "easyCloud", "easyCloud\easyCloud.csproj", "{1A9971E8-9064-41DA-8F4C-5B25000B7312}"
EndProject
Global
	GlobalSection(SolutionConfigurationPlatforms) = preSolution
		Debug|Any CPU = Debug|Any CPU
		Release|Any CPU = Release|Any CPU
	EndGlobalSection
	GlobalSection(ProjectConfigurationPlatforms) = postSolution
		{1A9971E8-9064-41DA-8F4C-5B25000B7312}.Debug|Any CPU.ActiveCfg = Debug|Any CPU
		{1A9971E8-9064-41DA-8F4C-5B25000B7312}.Debug|Any CPU.Build.0 = Debug|Any CPU
		{1A9971E8-9064-41DA-8F4C-5B25000B7312}.Release|Any CPU.ActiveCfg = Release|Any CPU
		{1A9971E8-9064-41DA-8F4C-5B25000B7312}.Release|Any CPU.Build.0 = Release|Any CPU
	EndGlobalSection
	GlobalSection(SolutionProperties) = preSolution
		HideSolutionNode = FALSE
	EndGlobalSection
	GlobalSection(ExtensibilityGlobals) = postSolution
		SolutionGuid = {3477E54D-A581-4459-A47F-77CD5F4FC39A}
	EndGlobalSection
EndGlobal
